
Microsoft Visual Studio Solution File, Format Version 12.00
# Visual Studio Version 17
VisualStudioVersion = 17.0.32014.148
MinimumVisualStudioVersion = 10.0.40219.1
Project("{9A19103F-16F7-4668-BE54-9A1E7A4F7556}") = "ProjektAPI", "ProjektAPI\ProjektAPI.csproj", "{B8A97413-AC87-49F0-BEC2-51290347F7EA}"
EndProject
Project("{9A19103F-16F7-4668-BE54-9A1E7A4F7556}") = "ProjektMVC", "ProjektMVC\ProjektMVC.csproj", "{E2214B0A-1711-4FE6-9913-9096FB5F94CE}"
EndProject
Project("{9A19103F-16F7-4668-BE54-9A1E7A4F7556}") = "ProjektConsole", "ProjektConsole\ProjektConsole.csproj", "{F38623B8-F4D8-437E-994E-D3AB5639AFC5}"
EndProject
Global
	GlobalSection(SolutionConfigurationPlatforms) = preSolution
		Debug|Any CPU = Debug|Any CPU
		Release|Any CPU = Release|Any CPU
	EndGlobalSection
	GlobalSection(ProjectConfigurationPlatforms) = postSolution
		{B8A97413-AC87-49F0-BEC2-51290347F7EA}.Debug|Any CPU.ActiveCfg = Debug|Any CPU
		{B8A97413-AC87-49F0-BEC2-51290347F7EA}.Debug|Any CPU.Build.0 = Debug|Any CPU
		{B8A97413-AC87-49F0-BEC2-51290347F7EA}.Release|Any CPU.ActiveCfg = Release|Any CPU
		{E2214B0A-1711-4FE6-9913-9096FB5F94CE}.Debug|Any CPU.ActiveCfg = Debug|Any CPU
		{E2214B0A-1711-4FE6-9913-9096FB5F94CE}.Debug|Any CPU.Build.0 = Debug|Any CPU
		{E2214B0A-1711-4FE6-9913-9096FB5F94CE}.Release|Any CPU.ActiveCfg = Release|Any CPU
		{F38623B8-F4D8-437E-994E-D3AB5639AFC5}.Debug|Any CPU.ActiveCfg = Debug|Any CPU
		{F38623B8-F4D8-437E-994E-D3AB5639AFC5}.Debug|Any CPU.Build.0 = Debug|Any CPU
		{F38623B8-F4D8-437E-994E-D3AB5639AFC5}.Release|Any CPU.ActiveCfg = Release|Any CPU
	EndGlobalSection
	GlobalSection(SolutionProperties) = preSolution
		HideSolutionNode = FALSE
	EndGlobalSection
	GlobalSection(ExtensibilityGlobals) = postSolution
		SolutionGuid = {04B8E4B3-E82B-494F-B763-F6E2820CAE5D}
	EndGlobalSection
EndGlobal
